
Microsoft Visual Studio Solution File, Format Version 12.00
# Visual Studio Version 17
VisualStudioVersion = 17.13.35931.197
MinimumVisualStudioVersion = 10.0.40219.1
Project("{8BC9CEB8-8B4A-11D0-8D11-00A0C91BC942}") = "OnnxYolov5", "OnnxYolov5\OnnxYolov5.vcxproj", "{65243E26-964F-49B5-ADE7-039A7B4A023B}"
EndProject
Project("{8BC9CEB8-8B4A-11D0-8D11-00A0C91BC942}") = "OnnxYolov8", "OnnxYolov8\OnnxYolov8.vcxproj", "{5E231D42-E506-4D37-98FD-BF10A0811547}"
EndProject
Project("{8BC9CEB8-8B4A-11D0-8D11-00A0C91BC942}") = "OnnxRTDETR", "OnnxRTDETR\OnnxRTDETR.vcxproj", "{63F2BB2C-BB58-4703-B766-17DEC2498437}"
EndProject
Global
	GlobalSection(SolutionConfigurationPlatforms) = preSolution
		Debug|x64 = Debug|x64
		Debug|x86 = Debug|x86
		Release|x64 = Release|x64
		Release|x86 = Release|x86
	EndGlobalSection
	GlobalSection(ProjectConfigurationPlatforms) = postSolution
		{65243E26-964F-49B5-ADE7-039A7B4A023B}.Debug|x64.ActiveCfg = Debug|x64
		{65243E26-964F-49B5-ADE7-039A7B4A023B}.Debug|x64.Build.0 = Debug|x64
		{65243E26-964F-49B5-ADE7-039A7B4A023B}.Debug|x86.ActiveCfg = Debug|Win32
		{65243E26-964F-49B5-ADE7-039A7B4A023B}.Debug|x86.Build.0 = Debug|Win32
		{65243E26-964F-49B5-ADE7-039A7B4A023B}.Release|x64.ActiveCfg = Release|x64
		{65243E26-964F-49B5-ADE7-039A7B4A023B}.Release|x64.Build.0 = Release|x64
		{65243E26-964F-49B5-ADE7-039A7B4A023B}.Release|x86.ActiveCfg = Release|Win32
		{65243E26-964F-49B5-ADE7-039A7B4A023B}.Release|x86.Build.0 = Release|Win32
		{5E231D42-E506-4D37-98FD-BF10A0811547}.Debug|x64.ActiveCfg = Debug|x64
		{5E231D42-E506-4D37-98FD-BF10A0811547}.Debug|x64.Build.0 = Debug|x64
		{5E231D42-E506-4D37-98FD-BF10A0811547}.Debug|x86.ActiveCfg = Debug|Win32
		{5E231D42-E506-4D37-98FD-BF10A0811547}.Debug|x86.Build.0 = Debug|Win32
		{5E231D42-E506-4D37-98FD-BF10A0811547}.Release|x64.ActiveCfg = Release|x64
		{5E231D42-E506-4D37-98FD-BF10A0811547}.Release|x64.Build.0 = Release|x64
		{5E231D42-E506-4D37-98FD-BF10A0811547}.Release|x86.ActiveCfg = Release|Win32
		{5E231D42-E506-4D37-98FD-BF10A0811547}.Release|x86.Build.0 = Release|Win32
		{63F2BB2C-BB58-4703-B766-17DEC2498437}.Debug|x64.ActiveCfg = Debug|x64
		{63F2BB2C-BB58-4703-B766-17DEC2498437}.Debug|x64.Build.0 = Debug|x64
		{63F2BB2C-BB58-4703-B766-17DEC2498437}.Debug|x86.ActiveCfg = Debug|Win32
		{63F2BB2C-BB58-4703-B766-17DEC2498437}.Debug|x86.Build.0 = Debug|Win32
		{63F2BB2C-BB58-4703-B766-17DEC2498437}.Release|x64.ActiveCfg = Release|x64
		{63F2BB2C-BB58-4703-B766-17DEC2498437}.Release|x64.Build.0 = Release|x64
		{63F2BB2C-BB58-4703-B766-17DEC2498437}.Release|x86.ActiveCfg = Release|Win32
		{63F2BB2C-BB58-4703-B766-17DEC2498437}.Release|x86.Build.0 = Release|Win32
	EndGlobalSection
	GlobalSection(SolutionProperties) = preSolution
		HideSolutionNode = FALSE
	EndGlobalSection
	GlobalSection(ExtensibilityGlobals) = postSolution
		SolutionGuid = {6A6E7A46-EE37-4DB5-B941-FE35D6BBF216}
	EndGlobalSection
EndGlobal
